
Microsoft Visual Studio Solution File, Format Version 12.00
# Visual Studio Version 17
VisualStudioVersion = 17.4.33213.308
MinimumVisualStudioVersion = 10.0.40219.1
Project("{FAE04EC0-301F-11D3-BF4B-00C04F79EFBC}") = "dot net mid assignment Tamim", "dot net mid assignment Tamim\dot net mid assignment Tamim.csproj", "{A8692B23-3A3D-40DF-8350-63CC364E793E}"
EndProject
Global
	GlobalSection(SolutionConfigurationPlatforms) = preSolution
		Debug|Any CPU = Debug|Any CPU
		Release|Any CPU = Release|Any CPU
	EndGlobalSection
	GlobalSection(ProjectConfigurationPlatforms) = postSolution
		{A8692B23-3A3D-40DF-8350-63CC364E793E}.Debug|Any CPU.ActiveCfg = Debug|Any CPU
		{A8692B23-3A3D-40DF-8350-63CC364E793E}.Debug|Any CPU.Build.0 = Debug|Any CPU
		{A8692B23-3A3D-40DF-8350-63CC364E793E}.Release|Any CPU.ActiveCfg = Release|Any CPU
		{A8692B23-3A3D-40DF-8350-63CC364E793E}.Release|Any CPU.Build.0 = Release|Any CPU
	EndGlobalSection
	GlobalSection(SolutionProperties) = preSolution
		HideSolutionNode = FALSE
	EndGlobalSection
	GlobalSection(ExtensibilityGlobals) = postSolution
		SolutionGuid = {A91C5718-02ED-432D-A417-1EC3DADC910C}
	EndGlobalSection
EndGlobal
